
Microsoft Visual Studio Solution File, Format Version 12.00
# Visual Studio Version 16
VisualStudioVersion = 16.0.29709.97
MinimumVisualStudioVersion = 10.0.40219.1
Project("{FAE04EC0-301F-11D3-BF4B-00C04F79EFBC}") = "ForumBackEnd", "ForumBackEnd\ForumBackEnd.csproj", "{280721FD-54D1-4A9B-9D51-87E574F124FC}"
EndProject
Global
	GlobalSection(SolutionConfigurationPlatforms) = preSolution
		Debug|Any CPU = Debug|Any CPU
		Release|Any CPU = Release|Any CPU
	EndGlobalSection
	GlobalSection(ProjectConfigurationPlatforms) = postSolution
		{280721FD-54D1-4A9B-9D51-87E574F124FC}.Debug|Any CPU.ActiveCfg = Debug|Any CPU
		{280721FD-54D1-4A9B-9D51-87E574F124FC}.Debug|Any CPU.Build.0 = Debug|Any CPU
		{280721FD-54D1-4A9B-9D51-87E574F124FC}.Release|Any CPU.ActiveCfg = Release|Any CPU
		{280721FD-54D1-4A9B-9D51-87E574F124FC}.Release|Any CPU.Build.0 = Release|Any CPU
	EndGlobalSection
	GlobalSection(SolutionProperties) = preSolution
		HideSolutionNode = FALSE
	EndGlobalSection
	GlobalSection(ExtensibilityGlobals) = postSolution
		SolutionGuid = {059B13E8-25C8-4F3C-A204-ABAE2DB47D1C}
	EndGlobalSection
EndGlobal
